{
  "name": "openmoji-picker",
  "version": "0.1.4-0",
  "lockfileVersion": 1,
  "requires": true,
  "dependencies": {
    "mocha-js-delegate": {
      "version": "0.2.0",
      "resolved": "https://registry.npmjs.org/mocha-js-delegate/-/mocha-js-delegate-0.2.0.tgz",
      "integrity": "sha512-2Sy62SNYHWscIR0UeROWs19RClXhlKofmABgnGzYhNkBauqUr1fysABoWEzyGrTtWTuJTV7conZaWVVIV6cLaw=="
    },
    "sketch-module-web-view": {
      "version": "3.1.0",
      "resolved": "https://registry.npmjs.org/sketch-module-web-view/-/sketch-module-web-view-3.1.0.tgz",
      "integrity": "sha512-H3WmZDPBWNIWNqjJ5FW1dff3cy7xUnX4X6V1502QVaJZ6TsZGD1Btu91nC3BXavk5fjpggXSmw52FU3UwgWISw==",
      "requires": {
        "mocha-js-delegate": "^0.2.0"
      }
    }
  }
}
